
Microsoft Visual Studio Solution File, Format Version 12.00
# Visual Studio Version 16
VisualStudioVersion = 16.0.30114.105
MinimumVisualStudioVersion = 10.0.40219.1
Project("{9A19103F-16F7-4668-BE54-9A1E7A4F7556}") = "wiser2mqtt", "wiser2mqtt.csproj", "{83716DD8-001B-406C-872D-638E900F5F46}"
EndProject
Global
	GlobalSection(SolutionConfigurationPlatforms) = preSolution
		Debug|Any CPU = Debug|Any CPU
		Debug|x64 = Debug|x64
		Debug|x86 = Debug|x86
		Release|Any CPU = Release|Any CPU
		Release|x64 = Release|x64
		Release|x86 = Release|x86
	EndGlobalSection
	GlobalSection(ProjectConfigurationPlatforms) = postSolution
		{83716DD8-001B-406C-872D-638E900F5F46}.Debug|Any CPU.ActiveCfg = Debug|Any CPU
		{83716DD8-001B-406C-872D-638E900F5F46}.Debug|Any CPU.Build.0 = Debug|Any CPU
		{83716DD8-001B-406C-872D-638E900F5F46}.Debug|x64.ActiveCfg = Debug|Any CPU
		{83716DD8-001B-406C-872D-638E900F5F46}.Debug|x64.Build.0 = Debug|Any CPU
		{83716DD8-001B-406C-872D-638E900F5F46}.Debug|x86.ActiveCfg = Debug|Any CPU
		{83716DD8-001B-406C-872D-638E900F5F46}.Debug|x86.Build.0 = Debug|Any CPU
		{83716DD8-001B-406C-872D-638E900F5F46}.Release|Any CPU.ActiveCfg = Release|Any CPU
		{83716DD8-001B-406C-872D-638E900F5F46}.Release|Any CPU.Build.0 = Release|Any CPU
		{83716DD8-001B-406C-872D-638E900F5F46}.Release|x64.ActiveCfg = Release|Any CPU
		{83716DD8-001B-406C-872D-638E900F5F46}.Release|x64.Build.0 = Release|Any CPU
		{83716DD8-001B-406C-872D-638E900F5F46}.Release|x86.ActiveCfg = Release|Any CPU
		{83716DD8-001B-406C-872D-638E900F5F46}.Release|x86.Build.0 = Release|Any CPU
	EndGlobalSection
	GlobalSection(SolutionProperties) = preSolution
		HideSolutionNode = FALSE
	EndGlobalSection
	GlobalSection(ExtensibilityGlobals) = postSolution
		SolutionGuid = {47158A17-72D6-4111-B8B8-1D983AB24F8B}
	EndGlobalSection
EndGlobal
